
Microsoft Visual Studio Solution File, Format Version 12.00
# Visual Studio Version 16
VisualStudioVersion = 16.0.29102.190
MinimumVisualStudioVersion = 10.0.40219.1
Project("{FAE04EC0-301F-11D3-BF4B-00C04F79EFBC}") = "column_select", "column_select.csproj", "{2283AE17-FD9C-40A6-B4B0-433800D6B38B}"
EndProject
Global
	GlobalSection(SolutionConfigurationPlatforms) = preSolution
		Debug|Any CPU = Debug|Any CPU
		Release|Any CPU = Release|Any CPU
	EndGlobalSection
	GlobalSection(ProjectConfigurationPlatforms) = postSolution
		{2283AE17-FD9C-40A6-B4B0-433800D6B38B}.Debug|Any CPU.ActiveCfg = Debug|Any CPU
		{2283AE17-FD9C-40A6-B4B0-433800D6B38B}.Debug|Any CPU.Build.0 = Debug|Any CPU
		{2283AE17-FD9C-40A6-B4B0-433800D6B38B}.Release|Any CPU.ActiveCfg = Release|Any CPU
		{2283AE17-FD9C-40A6-B4B0-433800D6B38B}.Release|Any CPU.Build.0 = Release|Any CPU
	EndGlobalSection
	GlobalSection(SolutionProperties) = preSolution
		HideSolutionNode = FALSE
	EndGlobalSection
	GlobalSection(ExtensibilityGlobals) = postSolution
		SolutionGuid = {0D79AF7A-9186-4E81-93A7-7491079B0AB8}
	EndGlobalSection
EndGlobal
